
Microsoft Visual Studio Solution File, Format Version 12.00
# Visual Studio Version 17
VisualStudioVersion = 17.8.34330.188
MinimumVisualStudioVersion = 10.0.40219.1
Project("{FAE04EC0-301F-11D3-BF4B-00C04F79EFBC}") = "Mission11_Foote", "Mission11_Foote\Mission11_Foote.csproj", "{4C720A71-9421-422A-9FD2-316BF8C17886}"
EndProject
Global
	GlobalSection(SolutionConfigurationPlatforms) = preSolution
		Debug|Any CPU = Debug|Any CPU
		Release|Any CPU = Release|Any CPU
	EndGlobalSection
	GlobalSection(ProjectConfigurationPlatforms) = postSolution
		{4C720A71-9421-422A-9FD2-316BF8C17886}.Debug|Any CPU.ActiveCfg = Debug|Any CPU
		{4C720A71-9421-422A-9FD2-316BF8C17886}.Debug|Any CPU.Build.0 = Debug|Any CPU
		{4C720A71-9421-422A-9FD2-316BF8C17886}.Release|Any CPU.ActiveCfg = Release|Any CPU
		{4C720A71-9421-422A-9FD2-316BF8C17886}.Release|Any CPU.Build.0 = Release|Any CPU
	EndGlobalSection
	GlobalSection(SolutionProperties) = preSolution
		HideSolutionNode = FALSE
	EndGlobalSection
	GlobalSection(ExtensibilityGlobals) = postSolution
		SolutionGuid = {879123DA-CF06-4876-AD5A-4E99462B31FB}
	EndGlobalSection
EndGlobal
